<Solution>
  <Project Path="EventosVivos.Api/EventosVivos.Api.csproj" />
  <Project Path="EventosVivos.Application/EventosVivos.Application.csproj" />
  <Project Path="EventosVivos.Domain/EventosVivos.Domain.csproj" />
  <Project Path="EventosVivos.Infrastructure/EventosVivos.Infrastructure.csproj" />
  <Project Path="EventosVivos.Tests/EventosVivos.Tests.csproj" />
</Solution>
